// !$*UTF8*$!
{
	archiveVersion = 1;
	classes = {
	};
	objectVersion = 50;
	objects = {

/* Begin PBXBuildFile section */
		4219706E23CDCD9800AD6317 /* AppDelegate.swift in Sources */ = {isa = PBXBuildFile; fileRef = 4219706D23CDCD9800AD6317 /* AppDelegate.swift */; };
		4219707023CDCD9800AD6317 /* SceneDelegate.swift in Sources */ = {isa = PBXBuildFile; fileRef = 4219706F23CDCD9800AD6317 /* SceneDelegate.swift */; };
		4219707223CDCD9800AD6317 /* ContentView.swift in Sources */ = {isa = PBXBuildFile; fileRef = 4219707123CDCD9800AD6317 /* ContentView.swift */; };
		4219707423CDCD9A00AD6317 /* Assets.xcassets in Resources */ = {isa = PBXBuildFile; fileRef = 4219707323CDCD9A00AD6317 /* Assets.xcassets */; };
		4219707723CDCD9A00AD6317 /* Preview Assets.xcassets in Resources */ = {isa = PBXBuildFile; fileRef = 4219707623CDCD9A00AD6317 /* Preview Assets.xcassets */; };
		4219707A23CDCD9A00AD6317 /* LaunchScreen.storyboard in Resources */ = {isa = PBXBuildFile; fileRef = 4219707823CDCD9A00AD6317 /* LaunchScreen.storyboard */; };
		4219708523CDCD9A00AD6317 /* Tamagotchi_IOSTests.swift in Sources */ = {isa = PBXBuildFile; fileRef = 4219708423CDCD9A00AD6317 /* Tamagotchi_IOSTests.swift */; };
		4219709023CDCD9A00AD6317 /* Tamagotchi_IOSUITests.swift in Sources */ = {isa = PBXBuildFile; fileRef = 4219708F23CDCD9A00AD6317 /* Tamagotchi_IOSUITests.swift */; };
		4219709E23CDCE4700AD6317 /* Tamagotchi.swift in Sources */ = {isa = PBXBuildFile; fileRef = 4219709D23CDCE4700AD6317 /* Tamagotchi.swift */; };
		4219709F23CDCEA500AD6317 /* Tamagotchi.swift in Sources */ = {isa = PBXBuildFile; fileRef = 4219709D23CDCE4700AD6317 /* Tamagotchi.swift */; };
/* End PBXBuildFile section */

/* Begin PBXContainerItemProxy section */
		4219708123CDCD9A00AD6317 /* PBXContainerItemProxy */ = {
			isa = PBXContainerItemProxy;
			containerPortal = 4219706223CDCD9800AD6317 /* Project object */;
			proxyType = 1;
			remoteGlobalIDString = 4219706923CDCD9800AD6317;
			remoteInfo = Tamagotchi.IOS;
		};
		4219708C23CDCD9A00AD6317 /* PBXContainerItemProxy */ = {
			isa = PBXContainerItemProxy;
			containerPortal = 4219706223CDCD9800AD6317 /* Project object */;
			proxyType = 1;
			remoteGlobalIDString = 4219706923CDCD9800AD6317;
			remoteInfo = Tamagotchi.IOS;
		};
/* End PBXContainerItemProxy section */

/* Begin PBXFileReference section */
		4219706A23CDCD9800AD6317 /* Tamagotchi.IOS.app */ = {isa = PBXFileReference; explicitFileType = wrapper.application; includeInIndex = 0; path = Tamagotchi.IOS.app; sourceTree = BUILT_PRODUCTS_DIR; };
		4219706D23CDCD9800AD6317 /* AppDelegate.swift */ = {isa = PBXFileReference; lastKnownFileType = sourcecode.swift; path = AppDelegate.swift; sourceTree = "<group>"; };
		4219706F23CDCD9800AD6317 /* SceneDelegate.swift */ = {isa = PBXFileReference; lastKnownFileType = sourcecode.swift; path = SceneDelegate.swift; sourceTree = "<group>"; };
		4219707123CDCD9800AD6317 /* ContentView.swift */ = {isa = PBXFileReference; lastKnownFileType = sourcecode.swift; path = ContentView.swift; sourceTree = "<group>"; };
		4219707323CDCD9A00AD6317 /* Assets.xcassets */ = {isa = PBXFileReference; lastKnownFileType = folder.assetcatalog; path = Assets.xcassets; sourceTree = "<group>"; };
		4219707623CDCD9A00AD6317 /* Preview Assets.xcassets */ = {isa = PBXFileReference; lastKnownFileType = folder.assetcatalog; path = "Preview Assets.xcassets"; sourceTree = "<group>"; };
		4219707923CDCD9A00AD6317 /* Base */ = {isa = PBXFileReference; lastKnownFileType = file.storyboard; name = Base; path = Base.lproj/LaunchScreen.storyboard; sourceTree = "<group>"; };
		4219707B23CDCD9A00AD6317 /* Info.plist */ = {isa = PBXFileReference; lastKnownFileType = text.plist.xml; path = Info.plist; sourceTree = "<group>"; };
		4219708023CDCD9A00AD6317 /* Tamagotchi.IOSTests.xctest */ = {isa = PBXFileReference; explicitFileType = wrapper.cfbundle; includeInIndex = 0; path = Tamagotchi.IOSTests.xctest; sourceTree = BUILT_PRODUCTS_DIR; };
		4219708423CDCD9A00AD6317 /* Tamagotchi_IOSTests.swift */ = {isa = PBXFileReference; lastKnownFileType = sourcecode.swift; path = Tamagotchi_IOSTests.swift; sourceTree = "<group>"; };
		4219708623CDCD9A00AD6317 /* Info.plist */ = {isa = PBXFileReference; lastKnownFileType = text.plist.xml; path = Info.plist; sourceTree = "<group>"; };
		4219708B23CDCD9A00AD6317 /* Tamagotchi.IOSUITests.xctest */ = {isa = PBXFileReference; explicitFileType = wrapper.cfbundle; includeInIndex = 0; path = Tamagotchi.IOSUITests.xctest; sourceTree = BUILT_PRODUCTS_DIR; };
		4219708F23CDCD9A00AD6317 /* Tamagotchi_IOSUITests.swift */ = {isa = PBXFileReference; lastKnownFileType = sourcecode.swift; path = Tamagotchi_IOSUITests.swift; sourceTree = "<group>"; };
		4219709123CDCD9A00AD6317 /* Info.plist */ = {isa = PBXFileReference; lastKnownFileType = text.plist.xml; path = Info.plist; sourceTree = "<group>"; };
		4219709D23CDCE4700AD6317 /* Tamagotchi.swift */ = {isa = PBXFileReference; lastKnownFileType = sourcecode.swift; path = Tamagotchi.swift; sourceTree = "<group>"; };
/* End PBXFileReference section */

/* Begin PBXFrameworksBuildPhase section */
		4219706723CDCD9800AD6317 /* Frameworks */ = {
			isa = PBXFrameworksBuildPhase;
			buildActionMask = 2147483647;
			files = (
			);
			runOnlyForDeploymentPostprocessing = 0;
		};
		4219707D23CDCD9A00AD6317 /* Frameworks */ = {
			isa = PBXFrameworksBuildPhase;
			buildActionMask = 2147483647;
			files = (
			);
			runOnlyForDeploymentPostprocessing = 0;
		};
		4219708823CDCD9A00AD6317 /* Frameworks */ = {
			isa = PBXFrameworksBuildPhase;
			buildActionMask = 2147483647;
			files = (
			);
			runOnlyForDeploymentPostprocessing = 0;
		};
/* End PBXFrameworksBuildPhase section */

/* Begin PBXGroup section */
		4219706123CDCD9800AD6317 = {
			isa = PBXGroup;
			children = (
				4219706C23CDCD9800AD6317 /* Tamagotchi.IOS */,
				4219708323CDCD9A00AD6317 /* Tamagotchi.IOSTests */,
				4219708E23CDCD9A00AD6317 /* Tamagotchi.IOSUITests */,
				4219706B23CDCD9800AD6317 /* Products */,
			);
			sourceTree = "<group>";
		};
		4219706B23CDCD9800AD6317 /* Products */ = {
			isa = PBXGroup;
			children = (
				4219706A23CDCD9800AD6317 /* Tamagotchi.IOS.app */,
				4219708023CDCD9A00AD6317 /* Tamagotchi.IOSTests.xctest */,
				4219708B23CDCD9A00AD6317 /* Tamagotchi.IOSUITests.xctest */,
			);
			name = Products;
			sourceTree = "<group>";
		};
		4219706C23CDCD9800AD6317 /* Tamagotchi.IOS */ = {
			isa = PBXGroup;
			children = (
				4219706D23CDCD9800AD6317 /* AppDelegate.swift */,
				4219706F23CDCD9800AD6317 /* SceneDelegate.swift */,
				4219707123CDCD9800AD6317 /* ContentView.swift */,
				4219707323CDCD9A00AD6317 /* Assets.xcassets */,
				4219707823CDCD9A00AD6317 /* LaunchScreen.storyboard */,
				4219707B23CDCD9A00AD6317 /* Info.plist */,
				4219707523CDCD9A00AD6317 /* Preview Content */,
				4219709D23CDCE4700AD6317 /* Tamagotchi.swift */,
			);
			path = Tamagotchi.IOS;
			sourceTree = "<group>";
		};
		4219707523CDCD9A00AD6317 /* Preview Content */ = {
			isa = PBXGroup;
			children = (
				4219707623CDCD9A00AD6317 /* Preview Assets.xcassets */,
			);
			path = "Preview Content";
			sourceTree = "<group>";
		};
		4219708323CDCD9A00AD6317 /* Tamagotchi.IOSTests */ = {
			isa = PBXGroup;
			children = (
				4219708423CDCD9A00AD6317 /* Tamagotchi_IOSTests.swift */,
				4219708623CDCD9A00AD6317 /* Info.plist */,
			);
			path = Tamagotchi.IOSTests;
			sourceTree = "<group>";
		};
		4219708E23CDCD9A00AD6317 /* Tamagotchi.IOSUITests */ = {
			isa = PBXGroup;
			children = (
				4219708F23CDCD9A00AD6317 /* Tamagotchi_IOSUITests.swift */,
				4219709123CDCD9A00AD6317 /* Info.plist */,
			);
			path = Tamagotchi.IOSUITests;
			sourceTree = "<group>";
		};
/* End PBXGroup section */

/* Begin PBXNativeTarget section */
		4219706923CDCD9800AD6317 /* Tamagotchi.IOS */ = {
			isa = PBXNativeTarget;
			buildConfigurationList = 4219709423CDCD9A00AD6317 /* Build configuration list for PBXNativeTarget "Tamagotchi.IOS" */;
			buildPhases = (
				4219706623CDCD9800AD6317 /* Sources */,
				4219706723CDCD9800AD6317 /* Frameworks */,
				4219706823CDCD9800AD6317 /* Resources */,
			);
			buildRules = (
			);
			dependencies = (
			);
			name = Tamagotchi.IOS;
			productName = Tamagotchi.IOS;
			productReference = 4219706A23CDCD9800AD6317 /* Tamagotchi.IOS.app */;
			productType = "com.apple.product-type.application";
		};
		4219707F23CDCD9A00AD6317 /* Tamagotchi.IOSTests */ = {
			isa = PBXNativeTarget;
			buildConfigurationList = 4219709723CDCD9A00AD6317 /* Build configuration list for PBXNativeTarget "Tamagotchi.IOSTests" */;
			buildPhases = (
				4219707C23CDCD9A00AD6317 /* Sources */,
				4219707D23CDCD9A00AD6317 /* Frameworks */,
				4219707E23CDCD9A00AD6317 /* Resources */,
			);
			buildRules = (
			);
			dependencies = (
				4219708223CDCD9A00AD6317 /* PBXTargetDependency */,
			);
			name = Tamagotchi.IOSTests;
			productName = Tamagotchi.IOSTests;
			productReference = 4219708023CDCD9A00AD6317 /* Tamagotchi.IOSTests.xctest */;
			productType = "com.apple.product-type.bundle.unit-test";
		};
		4219708A23CDCD9A00AD6317 /* Tamagotchi.IOSUITests */ = {
			isa = PBXNativeTarget;
			buildConfigurationList = 4219709A23CDCD9A00AD6317 /* Build configuration list for PBXNativeTarget "Tamagotchi.IOSUITests" */;
			buildPhases = (
				4219708723CDCD9A00AD6317 /* Sources */,
				4219708823CDCD9A00AD6317 /* Frameworks */,
				4219708923CDCD9A00AD6317 /* Resources */,
			);
			buildRules = (
			);
			dependencies = (
				4219708D23CDCD9A00AD6317 /* PBXTargetDependency */,
			);
			name = Tamagotchi.IOSUITests;
			productName = Tamagotchi.IOSUITests;
			productReference = 4219708B23CDCD9A00AD6317 /* Tamagotchi.IOSUITests.xctest */;
			productType = "com.apple.product-type.bundle.ui-testing";
		};
/* End PBXNativeTarget section */

/* Begin PBXProject section */
		4219706223CDCD9800AD6317 /* Project object */ = {
			isa = PBXProject;
			attributes = {
				LastSwiftUpdateCheck = 1130;
				LastUpgradeCheck = 1130;
				ORGANIZATIONNAME = "Rex, Aaron (SPH)";
				TargetAttributes = {
					4219706923CDCD9800AD6317 = {
						CreatedOnToolsVersion = 11.3;
					};
					4219707F23CDCD9A00AD6317 = {
						CreatedOnToolsVersion = 11.3;
						TestTargetID = 4219706923CDCD9800AD6317;
					};
					4219708A23CDCD9A00AD6317 = {
						CreatedOnToolsVersion = 11.3;
						TestTargetID = 4219706923CDCD9800AD6317;
					};
				};
			};
			buildConfigurationList = 4219706523CDCD9800AD6317 /* Build configuration list for PBXProject "Tamagotchi.IOS" */;
			compatibilityVersion = "Xcode 9.3";
			developmentRegion = en;
			hasScannedForEncodings = 0;
			knownRegions = (
				en,
				Base,
			);
			mainGroup = 4219706123CDCD9800AD6317;
			productRefGroup = 4219706B23CDCD9800AD6317 /* Products */;
			projectDirPath = "";
			projectRoot = "";
			targets = (
				4219706923CDCD9800AD6317 /* Tamagotchi.IOS */,
				4219707F23CDCD9A00AD6317 /* Tamagotchi.IOSTests */,
				4219708A23CDCD9A00AD6317 /* Tamagotchi.IOSUITests */,
			);
		};
/* End PBXProject section */

/* Begin PBXResourcesBuildPhase section */
		4219706823CDCD9800AD6317 /* Resources */ = {
			isa = PBXResourcesBuildPhase;
			buildActionMask = 2147483647;
			files = (
				4219707A23CDCD9A00AD6317 /* LaunchScreen.storyboard in Resources */,
				4219707723CDCD9A00AD6317 /* Preview Assets.xcassets in Resources */,
				4219707423CDCD9A00AD6317 /* Assets.xcassets in Resources */,
			);
			runOnlyForDeploymentPostprocessing = 0;
		};
		4219707E23CDCD9A00AD6317 /* Resources */ = {
			isa = PBXResourcesBuildPhase;
			buildActionMask = 2147483647;
			files = (
			);
			runOnlyForDeploymentPostprocessing = 0;
		};
		4219708923CDCD9A00AD6317 /* Resources */ = {
			isa = PBXResourcesBuildPhase;
			buildActionMask = 2147483647;
			files = (
			);
			runOnlyForDeploymentPostprocessing = 0;
		};
/* End PBXResourcesBuildPhase section */

/* Begin PBXSourcesBuildPhase section */
		4219706623CDCD9800AD6317 /* Sources */ = {
			isa = PBXSourcesBuildPhase;
			buildActionMask = 2147483647;
			files = (
				4219709E23CDCE4700AD6317 /* Tamagotchi.swift in Sources */,
				4219706E23CDCD9800AD6317 /* AppDelegate.swift in Sources */,
				4219707023CDCD9800AD6317 /* SceneDelegate.swift in Sources */,
				4219707223CDCD9800AD6317 /* ContentView.swift in Sources */,
			);
			runOnlyForDeploymentPostprocessing = 0;
		};
		4219707C23CDCD9A00AD6317 /* Sources */ = {
			isa = PBXSourcesBuildPhase;
			buildActionMask = 2147483647;
			files = (
				4219709F23CDCEA500AD6317 /* Tamagotchi.swift in Sources */,
				4219708523CDCD9A00AD6317 /* Tamagotchi_IOSTests.swift in Sources */,
			);
			runOnlyForDeploymentPostprocessing = 0;
		};
		4219708723CDCD9A00AD6317 /* Sources */ = {
			isa = PBXSourcesBuildPhase;
			buildActionMask = 2147483647;
			files = (
				4219709023CDCD9A00AD6317 /* Tamagotchi_IOSUITests.swift in Sources */,
			);
			runOnlyForDeploymentPostprocessing = 0;
		};
/* End PBXSourcesBuildPhase section */

/* Begin PBXTargetDependency section */
		4219708223CDCD9A00AD6317 /* PBXTargetDependency */ = {
			isa = PBXTargetDependency;
			target = 4219706923CDCD9800AD6317 /* Tamagotchi.IOS */;
			targetProxy = 4219708123CDCD9A00AD6317 /* PBXContainerItemProxy */;
		};
		4219708D23CDCD9A00AD6317 /* PBXTargetDependency */ = {
			isa = PBXTargetDependency;
			target = 4219706923CDCD9800AD6317 /* Tamagotchi.IOS */;
			targetProxy = 4219708C23CDCD9A00AD6317 /* PBXContainerItemProxy */;
		};
/* End PBXTargetDependency section */

/* Begin PBXVariantGroup section */
		4219707823CDCD9A00AD6317 /* LaunchScreen.storyboard */ = {
			isa = PBXVariantGroup;
			children = (
				4219707923CDCD9A00AD6317 /* Base */,
			);
			name = LaunchScreen.storyboard;
			sourceTree = "<group>";
		};
/* End PBXVariantGroup section */

/* Begin XCBuildConfiguration section */
		4219709223CDCD9A00AD6317 /* Debug */ = {
			isa = XCBuildConfiguration;
			buildSettings = {
				ALWAYS_SEARCH_USER_PATHS = NO;
				CLANG_ANALYZER_NONNULL = YES;
				CLANG_ANALYZER_NUMBER_OBJECT_CONVERSION = YES_AGGRESSIVE;
				CLANG_CXX_LANGUAGE_STANDARD = "gnu++14";
				CLANG_CXX_LIBRARY = "libc++";
				CLANG_ENABLE_MODULES = YES;
				CLANG_ENABLE_OBJC_ARC = YES;
				CLANG_ENABLE_OBJC_WEAK = YES;
				CLANG_WARN_BLOCK_CAPTURE_AUTORELEASING = YES;
				CLANG_WARN_BOOL_CONVERSION = YES;
				CLANG_WARN_COMMA = YES;
				CLANG_WARN_CONSTANT_CONVERSION = YES;
				CLANG_WARN_DEPRECATED_OBJC_IMPLEMENTATIONS = YES;
				CLANG_WARN_DIRECT_OBJC_ISA_USAGE = YES_ERROR;
				CLANG_WARN_DOCUMENTATION_COMMENTS = YES;
				CLANG_WARN_EMPTY_BODY = YES;
				CLANG_WARN_ENUM_CONVERSION = YES;
				CLANG_WARN_INFINITE_RECURSION = YES;
				CLANG_WARN_INT_CONVERSION = YES;
				CLANG_WARN_NON_LITERAL_NULL_CONVERSION = YES;
				CLANG_WARN_OBJC_IMPLICIT_RETAIN_SELF = YES;
				CLANG_WARN_OBJC_LITERAL_CONVERSION = YES;
				CLANG_WARN_OBJC_ROOT_CLASS = YES_ERROR;
				CLANG_WARN_RANGE_LOOP_ANALYSIS = YES;
				CLANG_WARN_STRICT_PROTOTYPES = YES;
				CLANG_WARN_SUSPICIOUS_MOVE = YES;
				CLANG_WARN_UNGUARDED_AVAILABILITY = YES_AGGRESSIVE;
				CLANG_WARN_UNREACHABLE_CODE = YES;
				CLANG_WARN__DUPLICATE_METHOD_MATCH = YES;
				COPY_PHASE_STRIP = NO;
				DEBUG_INFORMATION_FORMAT = dwarf;
				ENABLE_STRICT_OBJC_MSGSEND = YES;
				ENABLE_TESTABILITY = YES;
				GCC_C_LANGUAGE_STANDARD = gnu11;
				GCC_DYNAMIC_NO_PIC = NO;
				GCC_NO_COMMON_BLOCKS = YES;
				GCC_OPTIMIZATION_LEVEL = 0;
				GCC_PREPROCESSOR_DEFINITIONS = (
					"DEBUG=1",
					"$(inherited)",
				);
				GCC_WARN_64_TO_32_BIT_CONVERSION = YES;
				GCC_WARN_ABOUT_RETURN_TYPE = YES_ERROR;
				GCC_WARN_UNDECLARED_SELECTOR = YES;
				GCC_WARN_UNINITIALIZED_AUTOS = YES_AGGRESSIVE;
				GCC_WARN_UNUSED_FUNCTION = YES;
				GCC_WARN_UNUSED_VARIABLE = YES;
				IPHONEOS_DEPLOYMENT_TARGET = 13.2;
				MTL_ENABLE_DEBUG_INFO = INCLUDE_SOURCE;
				MTL_FAST_MATH = YES;
				ONLY_ACTIVE_ARCH = YES;
				SDKROOT = iphoneos;
				SWIFT_ACTIVE_COMPILATION_CONDITIONS = DEBUG;
				SWIFT_OPTIMIZATION_LEVEL = "-Onone";
			};
			name = Debug;
		};
		4219709323CDCD9A00AD6317 /* Release */ = {
			isa = XCBuildConfiguration;
			buildSettings = {
				ALWAYS_SEARCH_USER_PATHS = NO;
				CLANG_ANALYZER_NONNULL = YES;
				CLANG_ANALYZER_NUMBER_OBJECT_CONVERSION = YES_AGGRESSIVE;
				CLANG_CXX_LANGUAGE_STANDARD = "gnu++14";
				CLANG_CXX_LIBRARY = "libc++";
				CLANG_ENABLE_MODULES = YES;
				CLANG_ENABLE_OBJC_ARC = YES;
				CLANG_ENABLE_OBJC_WEAK = YES;
				CLANG_WARN_BLOCK_CAPTURE_AUTORELEASING = YES;
				CLANG_WARN_BOOL_CONVERSION = YES;
				CLANG_WARN_COMMA = YES;
				CLANG_WARN_CONSTANT_CONVERSION = YES;
				CLANG_WARN_DEPRECATED_OBJC_IMPLEMENTATIONS = YES;
				CLANG_WARN_DIRECT_OBJC_ISA_USAGE = YES_ERROR;
				CLANG_WARN_DOCUMENTATION_COMMENTS = YES;
				CLANG_WARN_EMPTY_BODY = YES;
				CLANG_WARN_ENUM_CONVERSION = YES;
				CLANG_WARN_INFINITE_RECURSION = YES;
				CLANG_WARN_INT_CONVERSION = YES;
				CLANG_WARN_NON_LITERAL_NULL_CONVERSION = YES;
				CLANG_WARN_OBJC_IMPLICIT_RETAIN_SELF = YES;
				CLANG_WARN_OBJC_LITERAL_CONVERSION = YES;
				CLANG_WARN_OBJC_ROOT_CLASS = YES_ERROR;
				CLANG_WARN_RANGE_LOOP_ANALYSIS = YES;
				CLANG_WARN_STRICT_PROTOTYPES = YES;
				CLANG_WARN_SUSPICIOUS_MOVE = YES;
				CLANG_WARN_UNGUARDED_AVAILABILITY = YES_AGGRESSIVE;
				CLANG_WARN_UNREACHABLE_CODE = YES;
				CLANG_WARN__DUPLICATE_METHOD_MATCH = YES;
				COPY_PHASE_STRIP = NO;
				DEBUG_INFORMATION_FORMAT = "dwarf-with-dsym";
				ENABLE_NS_ASSERTIONS = NO;
				ENABLE_STRICT_OBJC_MSGSEND = YES;
				GCC_C_LANGUAGE_STANDARD = gnu11;
				GCC_NO_COMMON_BLOCKS = YES;
				GCC_WARN_64_TO_32_BIT_CONVERSION = YES;
				GCC_WARN_ABOUT_RETURN_TYPE = YES_ERROR;
				GCC_WARN_UNDECLARED_SELECTOR = YES;
				GCC_WARN_UNINITIALIZED_AUTOS = YES_AGGRESSIVE;
				GCC_WARN_UNUSED_FUNCTION = YES;
				GCC_WARN_UNUSED_VARIABLE = YES;
				IPHONEOS_DEPLOYMENT_TARGET = 13.2;
				MTL_ENABLE_DEBUG_INFO = NO;
				MTL_FAST_MATH = YES;
				SDKROOT = iphoneos;
				SWIFT_COMPILATION_MODE = wholemodule;
				SWIFT_OPTIMIZATION_LEVEL = "-O";
				VALIDATE_PRODUCT = YES;
			};
			name = Release;
		};
		4219709523CDCD9A00AD6317 /* Debug */ = {
			isa = XCBuildConfiguration;
			buildSettings = {
				ASSETCATALOG_COMPILER_APPICON_NAME = AppIcon;
				CODE_SIGN_STYLE = Automatic;
				DEVELOPMENT_ASSET_PATHS = "\"Tamagotchi.IOS/Preview Content\"";
				ENABLE_PREVIEWS = YES;
				INFOPLIST_FILE = Tamagotchi.IOS/Info.plist;
				LD_RUNPATH_SEARCH_PATHS = (
					"$(inherited)",
					"@executable_path/Frameworks",
				);
				PRODUCT_BUNDLE_IDENTIFIER = "com.AaronRex.Tamagotchi-IOS";
				PRODUCT_NAME = "$(TARGET_NAME)";
				SWIFT_VERSION = 5.0;
				TARGETED_DEVICE_FAMILY = "1,2";
			};
			name = Debug;
		};
		4219709623CDCD9A00AD6317 /* Release */ = {
			isa = XCBuildConfiguration;
			buildSettings = {
				ASSETCATALOG_COMPILER_APPICON_NAME = AppIcon;
				CODE_SIGN_STYLE = Automatic;
				DEVELOPMENT_ASSET_PATHS = "\"Tamagotchi.IOS/Preview Content\"";
				ENABLE_PREVIEWS = YES;
				INFOPLIST_FILE = Tamagotchi.IOS/Info.plist;
				LD_RUNPATH_SEARCH_PATHS = (
					"$(inherited)",
					"@executable_path/Frameworks",
				);
				PRODUCT_BUNDLE_IDENTIFIER = "com.AaronRex.Tamagotchi-IOS";
				PRODUCT_NAME = "$(TARGET_NAME)";
				SWIFT_VERSION = 5.0;
				TARGETED_DEVICE_FAMILY = "1,2";
			};
			name = Release;
		};
		4219709823CDCD9A00AD6317 /* Debug */ = {
			isa = XCBuildConfiguration;
			buildSettings = {
				ALWAYS_EMBED_SWIFT_STANDARD_LIBRARIES = YES;
				BUNDLE_LOADER = "$(TEST_HOST)";
				CODE_SIGN_STYLE = Automatic;
				INFOPLIST_FILE = Tamagotchi.IOSTests/Info.plist;
				IPHONEOS_DEPLOYMENT_TARGET = 13.2;
				LD_RUNPATH_SEARCH_PATHS = (
					"$(inherited)",
					"@executable_path/Frameworks",
					"@loader_path/Frameworks",
				);
				PRODUCT_BUNDLE_IDENTIFIER = "com.AaronRex.Tamagotchi-IOSTests";
				PRODUCT_NAME = "$(TARGET_NAME)";
				SWIFT_VERSION = 5.0;
				TARGETED_DEVICE_FAMILY = "1,2";
				TEST_HOST = "$(BUILT_PRODUCTS_DIR)/Tamagotchi.IOS.app/Tamagotchi.IOS";
			};
			name = Debug;
		};
		4219709923CDCD9A00AD6317 /* Release */ = {
			isa = XCBuildConfiguration;
			buildSettings = {
				ALWAYS_EMBED_SWIFT_STANDARD_LIBRARIES = YES;
				BUNDLE_LOADER = "$(TEST_HOST)";
				CODE_SIGN_STYLE = Automatic;
				INFOPLIST_FILE = Tamagotchi.IOSTests/Info.plist;
				IPHONEOS_DEPLOYMENT_TARGET = 13.2;
				LD_RUNPATH_SEARCH_PATHS = (
					"$(inherited)",
					"@executable_path/Frameworks",
					"@loader_path/Frameworks",
				);
				PRODUCT_BUNDLE_IDENTIFIER = "com.AaronRex.Tamagotchi-IOSTests";
				PRODUCT_NAME = "$(TARGET_NAME)";
				SWIFT_VERSION = 5.0;
				TARGETED_DEVICE_FAMILY = "1,2";
				TEST_HOST = "$(BUILT_PRODUCTS_DIR)/Tamagotchi.IOS.app/Tamagotchi.IOS";
			};
			name = Release;
		};
		4219709B23CDCD9A00AD6317 /* Debug */ = {
			isa = XCBuildConfiguration;
			buildSettings = {
				ALWAYS_EMBED_SWIFT_STANDARD_LIBRARIES = YES;
				CODE_SIGN_STYLE = Automatic;
				INFOPLIST_FILE = Tamagotchi.IOSUITests/Info.plist;
				LD_RUNPATH_SEARCH_PATHS = (
					"$(inherited)",
					"@executable_path/Frameworks",
					"@loader_path/Frameworks",
				);
				PRODUCT_BUNDLE_IDENTIFIER = "com.AaronRex.Tamagotchi-IOSUITests";
				PRODUCT_NAME = "$(TARGET_NAME)";
				SWIFT_VERSION = 5.0;
				TARGETED_DEVICE_FAMILY = "1,2";
				TEST_TARGET_NAME = Tamagotchi.IOS;
			};
			name = Debug;
		};
		4219709C23CDCD9A00AD6317 /* Release */ = {
			isa = XCBuildConfiguration;
			buildSettings = {
				ALWAYS_EMBED_SWIFT_STANDARD_LIBRARIES = YES;
				CODE_SIGN_STYLE = Automatic;
				INFOPLIST_FILE = Tamagotchi.IOSUITests/Info.plist;
				LD_RUNPATH_SEARCH_PATHS = (
					"$(inherited)",
					"@executable_path/Frameworks",
					"@loader_path/Frameworks",
				);
				PRODUCT_BUNDLE_IDENTIFIER = "com.AaronRex.Tamagotchi-IOSUITests";
				PRODUCT_NAME = "$(TARGET_NAME)";
				SWIFT_VERSION = 5.0;
				TARGETED_DEVICE_FAMILY = "1,2";
				TEST_TARGET_NAME = Tamagotchi.IOS;
			};
			name = Release;
		};
/* End XCBuildConfiguration section */

/* Begin XCConfigurationList section */
		4219706523CDCD9800AD6317 /* Build configuration list for PBXProject "Tamagotchi.IOS" */ = {
			isa = XCConfigurationList;
			buildConfigurations = (
				4219709223CDCD9A00AD6317 /* Debug */,
				4219709323CDCD9A00AD6317 /* Release */,
			);
			defaultConfigurationIsVisible = 0;
			defaultConfigurationName = Release;
		};
		4219709423CDCD9A00AD6317 /* Build configuration list for PBXNativeTarget "Tamagotchi.IOS" */ = {
			isa = XCConfigurationList;
			buildConfigurations = (
				4219709523CDCD9A00AD6317 /* Debug */,
				4219709623CDCD9A00AD6317 /* Release */,
			);
			defaultConfigurationIsVisible = 0;
			defaultConfigurationName = Release;
		};
		4219709723CDCD9A00AD6317 /* Build configuration list for PBXNativeTarget "Tamagotchi.IOSTests" */ = {
			isa = XCConfigurationList;
			buildConfigurations = (
				4219709823CDCD9A00AD6317 /* Debug */,
				4219709923CDCD9A00AD6317 /* Release */,
			);
			defaultConfigurationIsVisible = 0;
			defaultConfigurationName = Release;
		};
		4219709A23CDCD9A00AD6317 /* Build configuration list for PBXNativeTarget "Tamagotchi.IOSUITests" */ = {
			isa = XCConfigurationList;
			buildConfigurations = (
				4219709B23CDCD9A00AD6317 /* Debug */,
				4219709C23CDCD9A00AD6317 /* Release */,
			);
			defaultConfigurationIsVisible = 0;
			defaultConfigurationName = Release;
		};
/* End XCConfigurationList section */
	};
	rootObject = 4219706223CDCD9800AD6317 /* Project object */;
}
